
Microsoft Visual Studio Solution File, Format Version 12.00
# Visual Studio Version 17
VisualStudioVersion = 17.5.33530.505
MinimumVisualStudioVersion = 10.0.40219.1
Project("{FAE04EC0-301F-11D3-BF4B-00C04F79EFBC}") = "NZwalksDpAPI", "NZwalksDpAPI\NZwalksDpAPI.csproj", "{2515E73F-5D03-460C-8FF7-6E1F7CDEE04B}"
EndProject
Global
	GlobalSection(SolutionConfigurationPlatforms) = preSolution
		Debug|Any CPU = Debug|Any CPU
		Release|Any CPU = Release|Any CPU
	EndGlobalSection
	GlobalSection(ProjectConfigurationPlatforms) = postSolution
		{2515E73F-5D03-460C-8FF7-6E1F7CDEE04B}.Debug|Any CPU.ActiveCfg = Debug|Any CPU
		{2515E73F-5D03-460C-8FF7-6E1F7CDEE04B}.Debug|Any CPU.Build.0 = Debug|Any CPU
		{2515E73F-5D03-460C-8FF7-6E1F7CDEE04B}.Release|Any CPU.ActiveCfg = Release|Any CPU
		{2515E73F-5D03-460C-8FF7-6E1F7CDEE04B}.Release|Any CPU.Build.0 = Release|Any CPU
	EndGlobalSection
	GlobalSection(SolutionProperties) = preSolution
		HideSolutionNode = FALSE
	EndGlobalSection
	GlobalSection(ExtensibilityGlobals) = postSolution
		SolutionGuid = {2BB6E43C-38AF-4734-A2B0-9EC82234A1E8}
	EndGlobalSection
EndGlobal
